
Microsoft Visual Studio Solution File, Format Version 12.00
# Visual Studio Version 17
VisualStudioVersion = 17.10.35013.160
MinimumVisualStudioVersion = 10.0.40219.1
Project("{FAE04EC0-301F-11D3-BF4B-00C04F79EFBC}") = "GarageKillerRemote", "GarageKillerRemote\GarageKillerRemote.csproj", "{EE8EE2DB-E31E-4BFD-8DEC-8AA0E8337883}"
EndProject
Global
	GlobalSection(SolutionConfigurationPlatforms) = preSolution
		Debug|Any CPU = Debug|Any CPU
		Release|Any CPU = Release|Any CPU
	EndGlobalSection
	GlobalSection(ProjectConfigurationPlatforms) = postSolution
		{EE8EE2DB-E31E-4BFD-8DEC-8AA0E8337883}.Debug|Any CPU.ActiveCfg = Debug|Any CPU
		{EE8EE2DB-E31E-4BFD-8DEC-8AA0E8337883}.Debug|Any CPU.Build.0 = Debug|Any CPU
		{EE8EE2DB-E31E-4BFD-8DEC-8AA0E8337883}.Release|Any CPU.ActiveCfg = Release|Any CPU
		{EE8EE2DB-E31E-4BFD-8DEC-8AA0E8337883}.Release|Any CPU.Build.0 = Release|Any CPU
	EndGlobalSection
	GlobalSection(SolutionProperties) = preSolution
		HideSolutionNode = FALSE
	EndGlobalSection
	GlobalSection(ExtensibilityGlobals) = postSolution
		SolutionGuid = {A0887D43-A763-4D2B-90E4-04C94B136475}
	EndGlobalSection
EndGlobal
